{
    "version": 3,
    "terraform_version": "0.11.13",
    "serial": 15,
    "lineage": "4acdcb49-1458-337a-1ab5-65ea090998fb",
    "modules": [
        {
            "path": [
                "root"
            ],
            "outputs": {},
            "resources": {
                "google_pubsub_topic.analytics-terraform-topic": {
                    "type": "google_pubsub_topic",
                    "depends_on": [],
                    "primary": {
                        "id": "projects/df-dna-insight-npe-5fd9/topics/terraformed-topic",
                        "attributes": {
                            "id": "projects/df-dna-insight-npe-5fd9/topics/terraformed-topic",
                            "labels.%": "1",
                            "labels.mypub": "sub",
                            "name": "terraformed-topic",
                            "project": "df-dna-insight-npe-5fd9"
                        },
                        "meta": {
                            "e2bfb730-ecaa-11e6-8f88-34363bc7c4c0": {
                                "create": 240000000000,
                                "delete": 240000000000
                            }
                        },
                        "tainted": false
                    },
                    "deposed": [],
                    "provider": "provider.google"
                }
            },
            "depends_on": []
        }
    ]
}
