{
    "version": 3,
    "terraform_version": "0.11.13",
    "serial": 16,
    "lineage": "55d3a4e3-300b-f741-7a56-754a8f3a31f5",
    "modules": [
        {
            "path": [
                "root"
            ],
            "outputs": {
                "spark_status": {
                    "sensitive": false,
                    "type": "string",
                    "value": "DONE"
                }
            },
            "resources": {
                "google_dataproc_cluster.dataproc-cluster": {
                    "type": "google_dataproc_cluster",
                    "depends_on": [],
                    "primary": {
                        "id": "terraform-analytics-dataproc-cluster",
                        "attributes": {
                            "cluster_config.#": "1",
                            "cluster_config.0.bucket": "dataproc-447a3ae3-1a8e-4418-9087-fc7be0bf680b-us-central1",
                            "cluster_config.0.delete_autogen_bucket": "false",
                            "cluster_config.0.encryption_config.#": "0",
                            "cluster_config.0.gce_cluster_config.#": "1",
                            "cluster_config.0.gce_cluster_config.0.internal_ip_only": "true",
                            "cluster_config.0.gce_cluster_config.0.metadata.%": "0",
                            "cluster_config.0.gce_cluster_config.0.network": "",
                            "cluster_config.0.gce_cluster_config.0.service_account": "tf-df-dna-insight-npe@df-dna-insight-npe-5fd9.iam.gserviceaccount.com",
                            "cluster_config.0.gce_cluster_config.0.service_account_scopes.#": "7",
                            "cluster_config.0.gce_cluster_config.0.service_account_scopes.1245378569": "https://www.googleapis.com/auth/bigtable.admin.table",
                            "cluster_config.0.gce_cluster_config.0.service_account_scopes.1328717722": "https://www.googleapis.com/auth/devstorage.read_write",
                            "cluster_config.0.gce_cluster_config.0.service_account_scopes.1693978638": "https://www.googleapis.com/auth/devstorage.full_control",
                            "cluster_config.0.gce_cluster_config.0.service_account_scopes.172152165": "https://www.googleapis.com/auth/logging.write",
                            "cluster_config.0.gce_cluster_config.0.service_account_scopes.2401844655": "https://www.googleapis.com/auth/bigquery",
                            "cluster_config.0.gce_cluster_config.0.service_account_scopes.299921284": "https://www.googleapis.com/auth/bigtable.data",
                            "cluster_config.0.gce_cluster_config.0.service_account_scopes.3804780973": "https://www.googleapis.com/auth/cloud.useraccounts.readonly",
                            "cluster_config.0.gce_cluster_config.0.subnetwork": "https://www.googleapis.com/compute/v1/projects/df-dna-insight-npe-5fd9/regions/us-central1/subnetworks/df-analytics-insight-vpc",
                            "cluster_config.0.gce_cluster_config.0.tags.#": "0",
                            "cluster_config.0.gce_cluster_config.0.zone": "us-central1-b",
                            "cluster_config.0.initialization_action.#": "0",
                            "cluster_config.0.master_config.#": "1",
                            "cluster_config.0.master_config.0.accelerators.#": "0",
                            "cluster_config.0.master_config.0.disk_config.#": "1",
                            "cluster_config.0.master_config.0.disk_config.0.boot_disk_size_gb": "500",
                            "cluster_config.0.master_config.0.disk_config.0.boot_disk_type": "pd-standard",
                            "cluster_config.0.master_config.0.disk_config.0.num_local_ssds": "0",
                            "cluster_config.0.master_config.0.image_uri": "https://www.googleapis.com/compute/v1/projects/cloud-dataproc/global/images/dataproc-1-3-deb9-20190510-000000-rc01",
                            "cluster_config.0.master_config.0.instance_names.#": "1",
                            "cluster_config.0.master_config.0.instance_names.0": "terraform-analytics-dataproc-cluster-m",
                            "cluster_config.0.master_config.0.machine_type": "n1-standard-4",
                            "cluster_config.0.master_config.0.num_instances": "1",
                            "cluster_config.0.preemptible_worker_config.#": "1",
                            "cluster_config.0.preemptible_worker_config.0.disk_config.#": "1",
                            "cluster_config.0.preemptible_worker_config.0.instance_names.#": "0",
                            "cluster_config.0.preemptible_worker_config.0.num_instances": "0",
                            "cluster_config.0.software_config.#": "1",
                            "cluster_config.0.software_config.0.image_version": "1.3.34-debian9",
                            "cluster_config.0.software_config.0.override_properties.%": "0",
                            "cluster_config.0.software_config.0.properties.%": "52",
                            "cluster_config.0.software_config.0.properties.capacity-scheduler:yarn.scheduler.capacity.root.default.ordering-policy": "fair",
                            "cluster_config.0.software_config.0.properties.core:fs.gs.block.size": "134217728",
                            "cluster_config.0.software_config.0.properties.core:fs.gs.metadata.cache.enable": "false",
                            "cluster_config.0.software_config.0.properties.core:hadoop.ssl.enabled.protocols": "TLSv1,TLSv1.1,TLSv1.2",
                            "cluster_config.0.software_config.0.properties.distcp:mapreduce.map.java.opts": "-Xmx768m",
                            "cluster_config.0.software_config.0.properties.distcp:mapreduce.map.memory.mb": "1024",
                            "cluster_config.0.software_config.0.properties.distcp:mapreduce.reduce.java.opts": "-Xmx768m",
                            "cluster_config.0.software_config.0.properties.distcp:mapreduce.reduce.memory.mb": "1024",
                            "cluster_config.0.software_config.0.properties.hdfs:dfs.datanode.address": "0.0.0.0:9866",
                            "cluster_config.0.software_config.0.properties.hdfs:dfs.datanode.http.address": "0.0.0.0:9864",
                            "cluster_config.0.software_config.0.properties.hdfs:dfs.datanode.https.address": "0.0.0.0:9865",
                            "cluster_config.0.software_config.0.properties.hdfs:dfs.datanode.ipc.address": "0.0.0.0:9867",
                            "cluster_config.0.software_config.0.properties.hdfs:dfs.namenode.handler.count": "20",
                            "cluster_config.0.software_config.0.properties.hdfs:dfs.namenode.http-address": "0.0.0.0:9870",
                            "cluster_config.0.software_config.0.properties.hdfs:dfs.namenode.https-address": "0.0.0.0:9871",
                            "cluster_config.0.software_config.0.properties.hdfs:dfs.namenode.lifeline.rpc-address": "terraform-analytics-dataproc-cluster-m:8050",
                            "cluster_config.0.software_config.0.properties.hdfs:dfs.namenode.secondary.http-address": "0.0.0.0:9868",
                            "cluster_config.0.software_config.0.properties.hdfs:dfs.namenode.secondary.https-address": "0.0.0.0:9869",
                            "cluster_config.0.software_config.0.properties.hdfs:dfs.namenode.service.handler.count": "10",
                            "cluster_config.0.software_config.0.properties.hdfs:dfs.namenode.servicerpc-address": "terraform-analytics-dataproc-cluster-m:8051",
                            "cluster_config.0.software_config.0.properties.mapred-env:HADOOP_JOB_HISTORYSERVER_HEAPSIZE": "3840",
                            "cluster_config.0.software_config.0.properties.mapred:mapreduce.job.maps": "21",
                            "cluster_config.0.software_config.0.properties.mapred:mapreduce.job.reduce.slowstart.completedmaps": "0.95",
                            "cluster_config.0.software_config.0.properties.mapred:mapreduce.job.reduces": "7",
                            "cluster_config.0.software_config.0.properties.mapred:mapreduce.map.cpu.vcores": "1",
                            "cluster_config.0.software_config.0.properties.mapred:mapreduce.map.java.opts": "-Xmx2457m",
                            "cluster_config.0.software_config.0.properties.mapred:mapreduce.map.memory.mb": "3072",
                            "cluster_config.0.software_config.0.properties.mapred:mapreduce.reduce.cpu.vcores": "1",
                            "cluster_config.0.software_config.0.properties.mapred:mapreduce.reduce.java.opts": "-Xmx2457m",
                            "cluster_config.0.software_config.0.properties.mapred:mapreduce.reduce.memory.mb": "3072",
                            "cluster_config.0.software_config.0.properties.mapred:mapreduce.task.io.sort.mb": "256",
                            "cluster_config.0.software_config.0.properties.mapred:yarn.app.mapreduce.am.command-opts": "-Xmx2457m",
                            "cluster_config.0.software_config.0.properties.mapred:yarn.app.mapreduce.am.resource.cpu-vcores": "1",
                            "cluster_config.0.software_config.0.properties.mapred:yarn.app.mapreduce.am.resource.mb": "3072",
                            "cluster_config.0.software_config.0.properties.presto-jvm:MaxHeapSize": "12288m",
                            "cluster_config.0.software_config.0.properties.presto:query.max-memory-per-node": "7372MB",
                            "cluster_config.0.software_config.0.properties.presto:query.max-total-memory-per-node": "7372MB",
                            "cluster_config.0.software_config.0.properties.spark-env:SPARK_DAEMON_MEMORY": "3840m",
                            "cluster_config.0.software_config.0.properties.spark:spark.driver.maxResultSize": "1920m",
                            "cluster_config.0.software_config.0.properties.spark:spark.driver.memory": "3840m",
                            "cluster_config.0.software_config.0.properties.spark:spark.executor.cores": "2",
                            "cluster_config.0.software_config.0.properties.spark:spark.executor.instances": "2",
                            "cluster_config.0.software_config.0.properties.spark:spark.executor.memory": "5586m",
                            "cluster_config.0.software_config.0.properties.spark:spark.executorEnv.OPENBLAS_NUM_THREADS": "1",
                            "cluster_config.0.software_config.0.properties.spark:spark.scheduler.mode": "FAIR",
                            "cluster_config.0.software_config.0.properties.spark:spark.sql.cbo.enabled": "true",
                            "cluster_config.0.software_config.0.properties.spark:spark.yarn.am.memory": "640m",
                            "cluster_config.0.software_config.0.properties.yarn-env:YARN_TIMELINESERVER_HEAPSIZE": "3840",
                            "cluster_config.0.software_config.0.properties.yarn:yarn.nodemanager.resource.memory-mb": "12288",
                            "cluster_config.0.software_config.0.properties.yarn:yarn.resourcemanager.nodemanager-graceful-decommission-timeout-secs": "86400",
                            "cluster_config.0.software_config.0.properties.yarn:yarn.scheduler.maximum-allocation-mb": "12288",
                            "cluster_config.0.software_config.0.properties.yarn:yarn.scheduler.minimum-allocation-mb": "1024",
                            "cluster_config.0.staging_bucket": "",
                            "cluster_config.0.worker_config.#": "1",
                            "cluster_config.0.worker_config.0.accelerators.#": "0",
                            "cluster_config.0.worker_config.0.disk_config.#": "1",
                            "cluster_config.0.worker_config.0.disk_config.0.boot_disk_size_gb": "500",
                            "cluster_config.0.worker_config.0.disk_config.0.boot_disk_type": "pd-standard",
                            "cluster_config.0.worker_config.0.disk_config.0.num_local_ssds": "0",
                            "cluster_config.0.worker_config.0.image_uri": "https://www.googleapis.com/compute/v1/projects/cloud-dataproc/global/images/dataproc-1-3-deb9-20190510-000000-rc01",
                            "cluster_config.0.worker_config.0.instance_names.#": "2",
                            "cluster_config.0.worker_config.0.instance_names.0": "terraform-analytics-dataproc-cluster-w-0",
                            "cluster_config.0.worker_config.0.instance_names.1": "terraform-analytics-dataproc-cluster-w-1",
                            "cluster_config.0.worker_config.0.machine_type": "n1-standard-4",
                            "cluster_config.0.worker_config.0.num_instances": "2",
                            "id": "terraform-analytics-dataproc-cluster",
                            "labels.%": "3",
                            "labels.goog-dataproc-cluster-name": "terraform-analytics-dataproc-cluster",
                            "labels.goog-dataproc-cluster-uuid": "730da2ba-f06b-4d78-a359-434af72b28d0",
                            "labels.goog-dataproc-location": "us-central1",
                            "name": "terraform-analytics-dataproc-cluster",
                            "project": "df-dna-insight-npe-5fd9",
                            "region": "us-central1"
                        },
                        "meta": {
                            "e2bfb730-ecaa-11e6-8f88-34363bc7c4c0": {
                                "create": 900000000000,
                                "delete": 300000000000,
                                "update": 300000000000
                            }
                        },
                        "tainted": false
                    },
                    "deposed": [],
                    "provider": "provider.google"
                },
                "google_dataproc_job.spark": {
                    "type": "google_dataproc_job",
                    "depends_on": [],
                    "primary": {
                        "id": "f01759ec-f758-4cf8-a355-6a6ce14bd942",
                        "attributes": {
                            "driver_controls_files_uri": "gs://dataproc-447a3ae3-1a8e-4418-9087-fc7be0bf680b-us-central1/google-cloud-dataproc-metainfo/730da2ba-f06b-4d78-a359-434af72b28d0/jobs/f01759ec-f758-4cf8-a355-6a6ce14bd942/",
                            "driver_output_resource_uri": "gs://dataproc-447a3ae3-1a8e-4418-9087-fc7be0bf680b-us-central1/google-cloud-dataproc-metainfo/730da2ba-f06b-4d78-a359-434af72b28d0/jobs/f01759ec-f758-4cf8-a355-6a6ce14bd942/driveroutput",
                            "force_delete": "true",
                            "id": "f01759ec-f758-4cf8-a355-6a6ce14bd942",
                            "labels.%": "0",
                            "placement.#": "1",
                            "placement.0.cluster_name": "terraform-analytics-dataproc-cluster",
                            "placement.0.cluster_uuid": "730da2ba-f06b-4d78-a359-434af72b28d0",
                            "project": "df-dna-insight-npe-5fd9",
                            "reference.#": "1",
                            "reference.0.job_id": "f01759ec-f758-4cf8-a355-6a6ce14bd942",
                            "region": "us-central1",
                            "spark_config.#": "1",
                            "spark_config.0.archive_uris.#": "0",
                            "spark_config.0.args.#": "1",
                            "spark_config.0.args.0": "1000",
                            "spark_config.0.file_uris.#": "0",
                            "spark_config.0.jar_file_uris.#": "1",
                            "spark_config.0.jar_file_uris.0": "file:///usr/lib/spark/examples/jars/spark-examples.jar",
                            "spark_config.0.logging_config.#": "1",
                            "spark_config.0.logging_config.0.driver_log_levels.%": "1",
                            "spark_config.0.logging_config.0.driver_log_levels.root": "INFO",
                            "spark_config.0.main_class": "org.apache.spark.examples.SparkPi",
                            "spark_config.0.main_jar_file_uri": "",
                            "spark_config.0.properties.%": "1",
                            "spark_config.0.properties.spark.logConf": "true",
                            "status.#": "1",
                            "status.0.details": "",
                            "status.0.state": "DONE",
                            "status.0.state_start_time": "2019-05-30T19:22:04.451Z",
                            "status.0.substate": ""
                        },
                        "meta": {
                            "e2bfb730-ecaa-11e6-8f88-34363bc7c4c0": {
                                "create": 1200000000000,
                                "delete": 1200000000000
                            }
                        },
                        "tainted": false
                    },
                    "deposed": [],
                    "provider": "provider.google"
                }
            },
            "depends_on": []
        }
    ]
}
