{
    "version": 3,
    "terraform_version": "0.11.13",
    "serial": 4,
    "lineage": "79c2ebc3-c01f-4e69-1f34-bbd0ff1ac5db",
    "modules": [
        {
            "path": [
                "root"
            ],
            "outputs": {},
            "resources": {
                "google_storage_bucket.analytics-bucket": {
                    "type": "google_storage_bucket",
                    "depends_on": [],
                    "primary": {
                        "id": "analytics-terraform-bucket",
                        "attributes": {
                            "cors.#": "0",
                            "encryption.#": "0",
                            "force_destroy": "false",
                            "id": "analytics-terraform-bucket",
                            "labels.%": "0",
                            "lifecycle_rule.#": "0",
                            "location": "US",
                            "logging.#": "0",
                            "name": "analytics-terraform-bucket",
                            "project": "df-dna-insight-npe-5fd9",
                            "requester_pays": "false",
                            "self_link": "https://www.googleapis.com/storage/v1/b/analytics-terraform-bucket",
                            "storage_class": "REGIONAL",
                            "url": "gs://analytics-terraform-bucket",
                            "versioning.#": "0",
                            "website.#": "1",
                            "website.0.main_page_suffix": "index.html",
                            "website.0.not_found_page": "404.html"
                        },
                        "meta": {},
                        "tainted": false
                    },
                    "deposed": [],
                    "provider": "provider.google"
                }
            },
            "depends_on": []
        }
    ]
}
