{
    "version": 3,
    "terraform_version": "0.11.13",
    "serial": 12,
    "lineage": "55077782-69c9-81af-cecd-7eaa0c02bf17",
    "modules": [
        {
            "path": [
                "root"
            ],
            "outputs": {},
            "resources": {
                "google_compute_instance.vm_instance": {
                    "type": "google_compute_instance",
                    "depends_on": [],
                    "primary": {
                        "id": "terraform-instance",
                        "attributes": {
                            "attached_disk.#": "0",
                            "boot_disk.#": "1",
                            "boot_disk.0.auto_delete": "true",
                            "boot_disk.0.device_name": "persistent-disk-0",
                            "boot_disk.0.disk_encryption_key_raw": "",
                            "boot_disk.0.disk_encryption_key_sha256": "",
                            "boot_disk.0.initialize_params.#": "1",
                            "boot_disk.0.initialize_params.0.image": "https://www.googleapis.com/compute/v1/projects/debian-cloud/global/images/debian-9-stretch-v20190514",
                            "boot_disk.0.initialize_params.0.size": "10",
                            "boot_disk.0.initialize_params.0.type": "pd-standard",
                            "boot_disk.0.source": "https://www.googleapis.com/compute/v1/projects/df-dna-insight-npe-5fd9/zones/us-east1-b/disks/terraform-instance",
                            "can_ip_forward": "false",
                            "cpu_platform": "Intel Haswell",
                            "deletion_protection": "false",
                            "guest_accelerator.#": "0",
                            "hostname": "",
                            "id": "terraform-instance",
                            "instance_id": "8454785386566133271",
                            "label_fingerprint": "42WmSpB8rSM=",
                            "labels.%": "0",
                            "machine_type": "f1-micro",
                            "metadata.%": "0",
                            "metadata_fingerprint": "0oy0pFILbXs=",
                            "metadata_startup_script": "#!/bin/bash\napt install apache2 -y\necho \"Hello Analytics\" \u003e /var/www/html/index.html\nsystemctl start apache2\n",
                            "min_cpu_platform": "",
                            "name": "terraform-instance",
                            "network_interface.#": "1",
                            "network_interface.0.access_config.#": "0",
                            "network_interface.0.address": "",
                            "network_interface.0.alias_ip_range.#": "0",
                            "network_interface.0.name": "nic0",
                            "network_interface.0.network": "https://www.googleapis.com/compute/v1/projects/df-dna-insight-npe-5fd9/global/networks/df-analytics-insight-vpc",
                            "network_interface.0.network_ip": "10.142.0.11",
                            "network_interface.0.subnetwork": "https://www.googleapis.com/compute/v1/projects/df-dna-insight-npe-5fd9/regions/us-east1/subnetworks/df-analytics-insight-vpc",
                            "network_interface.0.subnetwork_project": "df-dna-insight-npe-5fd9",
                            "project": "df-dna-insight-npe-5fd9",
                            "scheduling.#": "1",
                            "scheduling.0.automatic_restart": "true",
                            "scheduling.0.on_host_maintenance": "MIGRATE",
                            "scheduling.0.preemptible": "false",
                            "scratch_disk.#": "0",
                            "self_link": "https://www.googleapis.com/compute/v1/projects/df-dna-insight-npe-5fd9/zones/us-east1-b/instances/terraform-instance",
                            "service_account.#": "0",
                            "tags.#": "2",
                            "tags.2594804531": "df-analytics-insight-vpc-allow-http",
                            "tags.2692540603": "df-analytics-insight-vpc-allow-icmp",
                            "tags_fingerprint": "4X1UYBtEhsM=",
                            "zone": "us-east1-b"
                        },
                        "meta": {
                            "e2bfb730-ecaa-11e6-8f88-34363bc7c4c0": {
                                "create": 360000000000,
                                "delete": 360000000000,
                                "update": 360000000000
                            },
                            "schema_version": "6"
                        },
                        "tainted": false
                    },
                    "deposed": [],
                    "provider": "provider.google"
                }
            },
            "depends_on": []
        }
    ]
}
