{
    "version": 3,
    "terraform_version": "0.11.13",
    "serial": 3,
    "lineage": "015c8de5-dddf-b604-aeb0-7a07d8db3f4a",
    "modules": [
        {
            "path": [
                "root"
            ],
            "outputs": {},
            "resources": {
                "google_bigtable_instance.terraform-roduction-instance": {
                    "type": "google_bigtable_instance",
                    "depends_on": [],
                    "primary": {
                        "id": "terraform-bigtable-instance",
                        "attributes": {
                            "cluster.#": "1",
                            "cluster.3385957593.cluster_id": "tf-instance-cluster",
                            "cluster.3385957593.num_nodes": "3",
                            "cluster.3385957593.storage_type": "SSD",
                            "cluster.3385957593.zone": "us-central1-a",
                            "display_name": "terraform-bigtable-instance",
                            "id": "terraform-bigtable-instance",
                            "instance_type": "PRODUCTION",
                            "name": "terraform-bigtable-instance",
                            "project": "df-dna-insight-npe-5fd9"
                        },
                        "meta": {},
                        "tainted": false
                    },
                    "deposed": [],
                    "provider": "provider.google"
                }
            },
            "depends_on": []
        }
    ]
}
